
Microsoft Visual Studio Solution File, Format Version 12.00
# Visual Studio Version 17
VisualStudioVersion = 17.13.35913.81
MinimumVisualStudioVersion = 10.0.40219.1
Project("{FAE04EC0-301F-11D3-BF4B-00C04F79EFBC}") = "Actio.Web", "src\Actio.Web\Actio.Web.csproj", "{85E3C3FE-EB21-40E6-8494-E41DA281266E}"
EndProject
Project("{2150E333-8FDC-42A3-9474-1A3956D46DE8}") = "src", "src", "{02EA681E-C7D8-13C7-8484-4AC65E1B71E8}"
EndProject
Project("{FAE04EC0-301F-11D3-BF4B-00C04F79EFBC}") = "Actio.Application", "src\Actio.Application\Actio.Application.csproj", "{0A3D3298-FB80-4158-BAB4-B45E26DB468C}"
EndProject
Project("{FAE04EC0-301F-11D3-BF4B-00C04F79EFBC}") = "Actio.Infrastructure", "src\Actio.Infrastructure\Actio.Infrastructure.csproj", "{1079D25C-B18D-461D-8CA0-FE2045982578}"
EndProject
Project("{FAE04EC0-301F-11D3-BF4B-00C04F79EFBC}") = "Actio.Domain", "src\Actio.Domain\Actio.Domain.csproj", "{931FE130-5513-9991-96B4-C70692AAC009}"
EndProject
Global
	GlobalSection(SolutionConfigurationPlatforms) = preSolution
		Debug|Any CPU = Debug|Any CPU
		Release|Any CPU = Release|Any CPU
	EndGlobalSection
	GlobalSection(ProjectConfigurationPlatforms) = postSolution
		{85E3C3FE-EB21-40E6-8494-E41DA281266E}.Debug|Any CPU.ActiveCfg = Debug|Any CPU
		{85E3C3FE-EB21-40E6-8494-E41DA281266E}.Debug|Any CPU.Build.0 = Debug|Any CPU
		{85E3C3FE-EB21-40E6-8494-E41DA281266E}.Release|Any CPU.ActiveCfg = Release|Any CPU
		{85E3C3FE-EB21-40E6-8494-E41DA281266E}.Release|Any CPU.Build.0 = Release|Any CPU
		{0A3D3298-FB80-4158-BAB4-B45E26DB468C}.Debug|Any CPU.ActiveCfg = Debug|Any CPU
		{0A3D3298-FB80-4158-BAB4-B45E26DB468C}.Debug|Any CPU.Build.0 = Debug|Any CPU
		{0A3D3298-FB80-4158-BAB4-B45E26DB468C}.Release|Any CPU.ActiveCfg = Release|Any CPU
		{0A3D3298-FB80-4158-BAB4-B45E26DB468C}.Release|Any CPU.Build.0 = Release|Any CPU
		{1079D25C-B18D-461D-8CA0-FE2045982578}.Debug|Any CPU.ActiveCfg = Debug|Any CPU
		{1079D25C-B18D-461D-8CA0-FE2045982578}.Debug|Any CPU.Build.0 = Debug|Any CPU
		{1079D25C-B18D-461D-8CA0-FE2045982578}.Release|Any CPU.ActiveCfg = Release|Any CPU
		{1079D25C-B18D-461D-8CA0-FE2045982578}.Release|Any CPU.Build.0 = Release|Any CPU
		{931FE130-5513-9991-96B4-C70692AAC009}.Debug|Any CPU.ActiveCfg = Debug|Any CPU
		{931FE130-5513-9991-96B4-C70692AAC009}.Debug|Any CPU.Build.0 = Debug|Any CPU
		{931FE130-5513-9991-96B4-C70692AAC009}.Release|Any CPU.ActiveCfg = Release|Any CPU
		{931FE130-5513-9991-96B4-C70692AAC009}.Release|Any CPU.Build.0 = Release|Any CPU
	EndGlobalSection
	GlobalSection(SolutionProperties) = preSolution
		HideSolutionNode = FALSE
	EndGlobalSection
	GlobalSection(NestedProjects) = preSolution
		{85E3C3FE-EB21-40E6-8494-E41DA281266E} = {02EA681E-C7D8-13C7-8484-4AC65E1B71E8}
		{0A3D3298-FB80-4158-BAB4-B45E26DB468C} = {02EA681E-C7D8-13C7-8484-4AC65E1B71E8}
		{1079D25C-B18D-461D-8CA0-FE2045982578} = {02EA681E-C7D8-13C7-8484-4AC65E1B71E8}
		{931FE130-5513-9991-96B4-C70692AAC009} = {02EA681E-C7D8-13C7-8484-4AC65E1B71E8}
	EndGlobalSection
	GlobalSection(ExtensibilityGlobals) = postSolution
		SolutionGuid = {1C6EEF43-5BFC-430D-B037-8D9319170850}
	EndGlobalSection
EndGlobal
